
Microsoft Visual Studio Solution File, Format Version 12.00
# Visual Studio Version 17
VisualStudioVersion = 17.14.36414.22 d17.14
MinimumVisualStudioVersion = 10.0.40219.1
Project("{FAE04EC0-301F-11D3-BF4B-00C04F79EFBC}") = "Assignment_Task1_Task_2", "Assignment_Task1_Task_2.csproj", "{B9471B1A-78D6-4591-9EB2-9DFAB047CEF7}"
EndProject
Global
	GlobalSection(SolutionConfigurationPlatforms) = preSolution
		Debug|Any CPU = Debug|Any CPU
		Release|Any CPU = Release|Any CPU
	EndGlobalSection
	GlobalSection(ProjectConfigurationPlatforms) = postSolution
		{B9471B1A-78D6-4591-9EB2-9DFAB047CEF7}.Debug|Any CPU.ActiveCfg = Debug|Any CPU
		{B9471B1A-78D6-4591-9EB2-9DFAB047CEF7}.Debug|Any CPU.Build.0 = Debug|Any CPU
		{B9471B1A-78D6-4591-9EB2-9DFAB047CEF7}.Release|Any CPU.ActiveCfg = Release|Any CPU
		{B9471B1A-78D6-4591-9EB2-9DFAB047CEF7}.Release|Any CPU.Build.0 = Release|Any CPU
	EndGlobalSection
	GlobalSection(SolutionProperties) = preSolution
		HideSolutionNode = FALSE
	EndGlobalSection
	GlobalSection(ExtensibilityGlobals) = postSolution
		SolutionGuid = {D61C3F9C-8657-41B0-9C35-0EC94BB26A96}
	EndGlobalSection
EndGlobal
